
Microsoft Visual Studio Solution File, Format Version 12.00
# Visual Studio Version 16
VisualStudioVersion = 16.0.30523.141
MinimumVisualStudioVersion = 10.0.40219.1
Project("{FAE04EC0-301F-11D3-BF4B-00C04F79EFBC}") = "UOR", "UOR\UOR.csproj", "{3B9F4540-C972-4A8E-B66C-383229371989}"
EndProject
Project("{54435603-DBB4-11D2-8724-00A0C9A8B90C}") = "Setup", "Setup\Setup.vdproj", "{B350906A-69CD-42F3-92FD-689E1243B261}"
EndProject
Global
	GlobalSection(SolutionConfigurationPlatforms) = preSolution
		Debug|Any CPU = Debug|Any CPU
		Release|Any CPU = Release|Any CPU
	EndGlobalSection
	GlobalSection(ProjectConfigurationPlatforms) = postSolution
		{3B9F4540-C972-4A8E-B66C-383229371989}.Debug|Any CPU.ActiveCfg = Debug|Any CPU
		{3B9F4540-C972-4A8E-B66C-383229371989}.Debug|Any CPU.Build.0 = Debug|Any CPU
		{3B9F4540-C972-4A8E-B66C-383229371989}.Release|Any CPU.ActiveCfg = Release|Any CPU
		{3B9F4540-C972-4A8E-B66C-383229371989}.Release|Any CPU.Build.0 = Release|Any CPU
		{B350906A-69CD-42F3-92FD-689E1243B261}.Debug|Any CPU.ActiveCfg = Debug
		{B350906A-69CD-42F3-92FD-689E1243B261}.Release|Any CPU.ActiveCfg = Release
	EndGlobalSection
	GlobalSection(SolutionProperties) = preSolution
		HideSolutionNode = FALSE
	EndGlobalSection
	GlobalSection(ExtensibilityGlobals) = postSolution
		SolutionGuid = {1D13C80D-2EFE-45DC-91F4-CC7D7169EB3A}
	EndGlobalSection
EndGlobal
